
Microsoft Visual Studio Solution File, Format Version 12.00
# Visual Studio Version 16
VisualStudioVersion = 16.0.29519.181
MinimumVisualStudioVersion = 10.0.40219.1
Project("{FAE04EC0-301F-11D3-BF4B-00C04F79EFBC}") = "StrategyCharacterDemo", "StrategyCharacterDemo\StrategyCharacterDemo.csproj", "{427028F6-A83A-4C46-BCB6-7B0D70669166}"
EndProject
Project("{9A19103F-16F7-4668-BE54-9A1E7A4F7556}") = "ObserverWeatherStationDemo", "ObserverWeatherStationDemo\ObserverWeatherStationDemo.csproj", "{A29F575D-D8D8-4B17-9CBC-DF81852B427D}"
EndProject
Project("{9A19103F-16F7-4668-BE54-9A1E7A4F7556}") = "ObserverBaggageClaimDemo", "ObserverBaggageClaimDemo\ObserverBaggageClaimDemo.csproj", "{844D6CBE-2210-421B-A5FA-5640EB3520A8}"
EndProject
Project("{FAE04EC0-301F-11D3-BF4B-00C04F79EFBC}") = "StrategyDuckDemo", "StrategyDuckDemo\StrategyDuckDemo.csproj", "{3CF2DB49-4CE7-4EDF-AD6D-B4FC44EAE321}"
EndProject
Project("{FAE04EC0-301F-11D3-BF4B-00C04F79EFBC}") = "StrategyBankAppDemo", "StrategyBankApp\StrategyBankAppDemo.csproj", "{683AA30D-367C-4432-9F58-BA13477CF8CB}"
EndProject
Project("{FAE04EC0-301F-11D3-BF4B-00C04F79EFBC}") = "DecoratorBeverageDemo", "DecoratorBeverageDemo\DecoratorBeverageDemo.csproj", "{AD85B2B8-09BC-4ABF-A931-A0F137B023B9}"
EndProject
Project("{FAE04EC0-301F-11D3-BF4B-00C04F79EFBC}") = "FactoryMethodPizzaStoreDemo", "FactoryPizzaStoreDemo\FactoryMethodPizzaStoreDemo.csproj", "{461DC946-875C-4BB0-B001-2093DFEB06D1}"
EndProject
Project("{FAE04EC0-301F-11D3-BF4B-00C04F79EFBC}") = "AbstractFactoryPizzaStoreDemo", "AbstractFactoryPizzaStoreDemo\AbstractFactoryPizzaStoreDemo.csproj", "{D85743D1-0ED0-4DE0-ADD8-39A5151AE734}"
EndProject
Project("{9A19103F-16F7-4668-BE54-9A1E7A4F7556}") = "CommandPatternRemoteControlDemo", "CommandPatternRemoteControlDemo\CommandPatternRemoteControlDemo.csproj", "{459BA2A0-1E0C-436B-83A4-9CC0CA4F37C4}"
EndProject
Project("{9A19103F-16F7-4668-BE54-9A1E7A4F7556}") = "CompositeMenuItemsDemo", "MenuItemsCompositePatternDemo\CompositeMenuItemsDemo.csproj", "{B9525FA7-3A78-42C1-9751-BEC6630D4654}"
EndProject
Project("{2150E333-8FDC-42A3-9474-1A3956D46DE8}") = "Creational", "Creational", "{8519A75C-9BD7-4A9C-9CBE-F27A9E30E27F}"
EndProject
Project("{2150E333-8FDC-42A3-9474-1A3956D46DE8}") = "Structural", "Structural", "{2A4754C0-04BE-48CA-BE03-08C47A174180}"
EndProject
Project("{2150E333-8FDC-42A3-9474-1A3956D46DE8}") = "Behavioral", "Behavioral", "{21583762-8EA1-4134-9F0D-69A65F57A3F7}"
EndProject
Project("{9A19103F-16F7-4668-BE54-9A1E7A4F7556}") = "BridgePatternDemo", "BridgePatternDemo\BridgePatternDemo.csproj", "{207A739C-494F-4B4A-AB37-C07BC9D123CD}"
EndProject
Project("{9A19103F-16F7-4668-BE54-9A1E7A4F7556}") = "BuilderBankAccountDemo", "BuilderBankAccountDemo\BuilderBankAccountDemo.csproj", "{D327CB3E-3C74-4FCA-B325-7B6B54ED5BBA}"
EndProject
Project("{9A19103F-16F7-4668-BE54-9A1E7A4F7556}") = "IteratorMenuItemsDemo", "IteratorMenuItemsDemo\IteratorMenuItemsDemo.csproj", "{6F838745-370B-4DBC-B6E4-25569FADDBB1}"
EndProject
Project("{9A19103F-16F7-4668-BE54-9A1E7A4F7556}") = "StateGumballMachineDemo", "StateGumballMachineDemo\StateGumballMachineDemo.csproj", "{08C2A512-CBF1-4BC3-9B42-C52B80407100}"
EndProject
Project("{9A19103F-16F7-4668-BE54-9A1E7A4F7556}") = "TemplateMethodCaffeineBeverageDemo", "TemplateMethodCaffeineBeverageDemo\TemplateMethodCaffeineBeverageDemo.csproj", "{3A4E67D3-DFCC-476C-A210-100B8C307416}"
EndProject
Project("{FAE04EC0-301F-11D3-BF4B-00C04F79EFBC}") = "SingletonDemo", "SingletonDemo\SingletonDemo.csproj", "{BB42C95D-31F9-4968-AD52-5BD82C6950B3}"
EndProject
Global
	GlobalSection(SolutionConfigurationPlatforms) = preSolution
		Debug|Any CPU = Debug|Any CPU
		Release|Any CPU = Release|Any CPU
	EndGlobalSection
	GlobalSection(ProjectConfigurationPlatforms) = postSolution
		{427028F6-A83A-4C46-BCB6-7B0D70669166}.Debug|Any CPU.ActiveCfg = Debug|Any CPU
		{427028F6-A83A-4C46-BCB6-7B0D70669166}.Debug|Any CPU.Build.0 = Debug|Any CPU
		{427028F6-A83A-4C46-BCB6-7B0D70669166}.Release|Any CPU.ActiveCfg = Release|Any CPU
		{427028F6-A83A-4C46-BCB6-7B0D70669166}.Release|Any CPU.Build.0 = Release|Any CPU
		{A29F575D-D8D8-4B17-9CBC-DF81852B427D}.Debug|Any CPU.ActiveCfg = Debug|Any CPU
		{A29F575D-D8D8-4B17-9CBC-DF81852B427D}.Debug|Any CPU.Build.0 = Debug|Any CPU
		{A29F575D-D8D8-4B17-9CBC-DF81852B427D}.Release|Any CPU.ActiveCfg = Release|Any CPU
		{A29F575D-D8D8-4B17-9CBC-DF81852B427D}.Release|Any CPU.Build.0 = Release|Any CPU
		{844D6CBE-2210-421B-A5FA-5640EB3520A8}.Debug|Any CPU.ActiveCfg = Debug|Any CPU
		{844D6CBE-2210-421B-A5FA-5640EB3520A8}.Debug|Any CPU.Build.0 = Debug|Any CPU
		{844D6CBE-2210-421B-A5FA-5640EB3520A8}.Release|Any CPU.ActiveCfg = Release|Any CPU
		{844D6CBE-2210-421B-A5FA-5640EB3520A8}.Release|Any CPU.Build.0 = Release|Any CPU
		{3CF2DB49-4CE7-4EDF-AD6D-B4FC44EAE321}.Debug|Any CPU.ActiveCfg = Debug|Any CPU
		{3CF2DB49-4CE7-4EDF-AD6D-B4FC44EAE321}.Debug|Any CPU.Build.0 = Debug|Any CPU
		{3CF2DB49-4CE7-4EDF-AD6D-B4FC44EAE321}.Release|Any CPU.ActiveCfg = Release|Any CPU
		{3CF2DB49-4CE7-4EDF-AD6D-B4FC44EAE321}.Release|Any CPU.Build.0 = Release|Any CPU
		{683AA30D-367C-4432-9F58-BA13477CF8CB}.Debug|Any CPU.ActiveCfg = Debug|Any CPU
		{683AA30D-367C-4432-9F58-BA13477CF8CB}.Debug|Any CPU.Build.0 = Debug|Any CPU
		{683AA30D-367C-4432-9F58-BA13477CF8CB}.Release|Any CPU.ActiveCfg = Release|Any CPU
		{683AA30D-367C-4432-9F58-BA13477CF8CB}.Release|Any CPU.Build.0 = Release|Any CPU
		{AD85B2B8-09BC-4ABF-A931-A0F137B023B9}.Debug|Any CPU.ActiveCfg = Debug|Any CPU
		{AD85B2B8-09BC-4ABF-A931-A0F137B023B9}.Debug|Any CPU.Build.0 = Debug|Any CPU
		{AD85B2B8-09BC-4ABF-A931-A0F137B023B9}.Release|Any CPU.ActiveCfg = Release|Any CPU
		{AD85B2B8-09BC-4ABF-A931-A0F137B023B9}.Release|Any CPU.Build.0 = Release|Any CPU
		{461DC946-875C-4BB0-B001-2093DFEB06D1}.Debug|Any CPU.ActiveCfg = Debug|Any CPU
		{461DC946-875C-4BB0-B001-2093DFEB06D1}.Debug|Any CPU.Build.0 = Debug|Any CPU
		{461DC946-875C-4BB0-B001-2093DFEB06D1}.Release|Any CPU.ActiveCfg = Release|Any CPU
		{461DC946-875C-4BB0-B001-2093DFEB06D1}.Release|Any CPU.Build.0 = Release|Any CPU
		{D85743D1-0ED0-4DE0-ADD8-39A5151AE734}.Debug|Any CPU.ActiveCfg = Debug|Any CPU
		{D85743D1-0ED0-4DE0-ADD8-39A5151AE734}.Debug|Any CPU.Build.0 = Debug|Any CPU
		{D85743D1-0ED0-4DE0-ADD8-39A5151AE734}.Release|Any CPU.ActiveCfg = Release|Any CPU
		{D85743D1-0ED0-4DE0-ADD8-39A5151AE734}.Release|Any CPU.Build.0 = Release|Any CPU
		{459BA2A0-1E0C-436B-83A4-9CC0CA4F37C4}.Debug|Any CPU.ActiveCfg = Debug|Any CPU
		{459BA2A0-1E0C-436B-83A4-9CC0CA4F37C4}.Debug|Any CPU.Build.0 = Debug|Any CPU
		{459BA2A0-1E0C-436B-83A4-9CC0CA4F37C4}.Release|Any CPU.ActiveCfg = Release|Any CPU
		{459BA2A0-1E0C-436B-83A4-9CC0CA4F37C4}.Release|Any CPU.Build.0 = Release|Any CPU
		{B9525FA7-3A78-42C1-9751-BEC6630D4654}.Debug|Any CPU.ActiveCfg = Debug|Any CPU
		{B9525FA7-3A78-42C1-9751-BEC6630D4654}.Debug|Any CPU.Build.0 = Debug|Any CPU
		{B9525FA7-3A78-42C1-9751-BEC6630D4654}.Release|Any CPU.ActiveCfg = Release|Any CPU
		{B9525FA7-3A78-42C1-9751-BEC6630D4654}.Release|Any CPU.Build.0 = Release|Any CPU
		{207A739C-494F-4B4A-AB37-C07BC9D123CD}.Debug|Any CPU.ActiveCfg = Debug|Any CPU
		{207A739C-494F-4B4A-AB37-C07BC9D123CD}.Debug|Any CPU.Build.0 = Debug|Any CPU
		{207A739C-494F-4B4A-AB37-C07BC9D123CD}.Release|Any CPU.ActiveCfg = Release|Any CPU
		{207A739C-494F-4B4A-AB37-C07BC9D123CD}.Release|Any CPU.Build.0 = Release|Any CPU
		{D327CB3E-3C74-4FCA-B325-7B6B54ED5BBA}.Debug|Any CPU.ActiveCfg = Debug|Any CPU
		{D327CB3E-3C74-4FCA-B325-7B6B54ED5BBA}.Debug|Any CPU.Build.0 = Debug|Any CPU
		{D327CB3E-3C74-4FCA-B325-7B6B54ED5BBA}.Release|Any CPU.ActiveCfg = Release|Any CPU
		{D327CB3E-3C74-4FCA-B325-7B6B54ED5BBA}.Release|Any CPU.Build.0 = Release|Any CPU
		{6F838745-370B-4DBC-B6E4-25569FADDBB1}.Debug|Any CPU.ActiveCfg = Debug|Any CPU
		{6F838745-370B-4DBC-B6E4-25569FADDBB1}.Debug|Any CPU.Build.0 = Debug|Any CPU
		{6F838745-370B-4DBC-B6E4-25569FADDBB1}.Release|Any CPU.ActiveCfg = Release|Any CPU
		{6F838745-370B-4DBC-B6E4-25569FADDBB1}.Release|Any CPU.Build.0 = Release|Any CPU
		{08C2A512-CBF1-4BC3-9B42-C52B80407100}.Debug|Any CPU.ActiveCfg = Debug|Any CPU
		{08C2A512-CBF1-4BC3-9B42-C52B80407100}.Debug|Any CPU.Build.0 = Debug|Any CPU
		{08C2A512-CBF1-4BC3-9B42-C52B80407100}.Release|Any CPU.ActiveCfg = Release|Any CPU
		{08C2A512-CBF1-4BC3-9B42-C52B80407100}.Release|Any CPU.Build.0 = Release|Any CPU
		{3A4E67D3-DFCC-476C-A210-100B8C307416}.Debug|Any CPU.ActiveCfg = Debug|Any CPU
		{3A4E67D3-DFCC-476C-A210-100B8C307416}.Debug|Any CPU.Build.0 = Debug|Any CPU
		{3A4E67D3-DFCC-476C-A210-100B8C307416}.Release|Any CPU.ActiveCfg = Release|Any CPU
		{3A4E67D3-DFCC-476C-A210-100B8C307416}.Release|Any CPU.Build.0 = Release|Any CPU
		{BB42C95D-31F9-4968-AD52-5BD82C6950B3}.Debug|Any CPU.ActiveCfg = Debug|Any CPU
		{BB42C95D-31F9-4968-AD52-5BD82C6950B3}.Debug|Any CPU.Build.0 = Debug|Any CPU
		{BB42C95D-31F9-4968-AD52-5BD82C6950B3}.Release|Any CPU.ActiveCfg = Release|Any CPU
		{BB42C95D-31F9-4968-AD52-5BD82C6950B3}.Release|Any CPU.Build.0 = Release|Any CPU
	EndGlobalSection
	GlobalSection(SolutionProperties) = preSolution
		HideSolutionNode = FALSE
	EndGlobalSection
	GlobalSection(NestedProjects) = preSolution
		{427028F6-A83A-4C46-BCB6-7B0D70669166} = {21583762-8EA1-4134-9F0D-69A65F57A3F7}
		{A29F575D-D8D8-4B17-9CBC-DF81852B427D} = {21583762-8EA1-4134-9F0D-69A65F57A3F7}
		{844D6CBE-2210-421B-A5FA-5640EB3520A8} = {21583762-8EA1-4134-9F0D-69A65F57A3F7}
		{3CF2DB49-4CE7-4EDF-AD6D-B4FC44EAE321} = {21583762-8EA1-4134-9F0D-69A65F57A3F7}
		{683AA30D-367C-4432-9F58-BA13477CF8CB} = {21583762-8EA1-4134-9F0D-69A65F57A3F7}
		{AD85B2B8-09BC-4ABF-A931-A0F137B023B9} = {2A4754C0-04BE-48CA-BE03-08C47A174180}
		{461DC946-875C-4BB0-B001-2093DFEB06D1} = {8519A75C-9BD7-4A9C-9CBE-F27A9E30E27F}
		{D85743D1-0ED0-4DE0-ADD8-39A5151AE734} = {8519A75C-9BD7-4A9C-9CBE-F27A9E30E27F}
		{459BA2A0-1E0C-436B-83A4-9CC0CA4F37C4} = {21583762-8EA1-4134-9F0D-69A65F57A3F7}
		{B9525FA7-3A78-42C1-9751-BEC6630D4654} = {2A4754C0-04BE-48CA-BE03-08C47A174180}
		{207A739C-494F-4B4A-AB37-C07BC9D123CD} = {2A4754C0-04BE-48CA-BE03-08C47A174180}
		{D327CB3E-3C74-4FCA-B325-7B6B54ED5BBA} = {8519A75C-9BD7-4A9C-9CBE-F27A9E30E27F}
		{6F838745-370B-4DBC-B6E4-25569FADDBB1} = {21583762-8EA1-4134-9F0D-69A65F57A3F7}
		{08C2A512-CBF1-4BC3-9B42-C52B80407100} = {21583762-8EA1-4134-9F0D-69A65F57A3F7}
		{3A4E67D3-DFCC-476C-A210-100B8C307416} = {21583762-8EA1-4134-9F0D-69A65F57A3F7}
		{BB42C95D-31F9-4968-AD52-5BD82C6950B3} = {8519A75C-9BD7-4A9C-9CBE-F27A9E30E27F}
	EndGlobalSection
	GlobalSection(ExtensibilityGlobals) = postSolution
		SolutionGuid = {514B5C23-0A18-429A-925C-4ED85BA217AC}
	EndGlobalSection
EndGlobal
