
Microsoft Visual Studio Solution File, Format Version 12.00
# Visual Studio Version 16
VisualStudioVersion = 16.0.29519.181
MinimumVisualStudioVersion = 10.0.40219.1
Project("{FAE04EC0-301F-11D3-BF4B-00C04F79EFBC}") = "StrategyDuckDemo", "DesignPatterns\StrategyDuckDemo.csproj", "{3CF2DB49-4CE7-4EDF-AD6D-B4FC44EAE321}"
EndProject
Project("{FAE04EC0-301F-11D3-BF4B-00C04F79EFBC}") = "StrategyCharacterDemo", "StrategyCharacterDemo\StrategyCharacterDemo.csproj", "{427028F6-A83A-4C46-BCB6-7B0D70669166}"
EndProject
Project("{9A19103F-16F7-4668-BE54-9A1E7A4F7556}") = "ObserverWeatherStationDemo", "ObserverWeatherStationDemo\ObserverWeatherStationDemo.csproj", "{A29F575D-D8D8-4B17-9CBC-DF81852B427D}"
EndProject
Project("{FAE04EC0-301F-11D3-BF4B-00C04F79EFBC}") = "ObserverBaggageClaimDemo", "ObserverBaggageClaimDemo\ObserverBaggageClaimDemo.csproj", "{844D6CBE-2210-421B-A5FA-5640EB3520A8}"
EndProject
Global
	GlobalSection(SolutionConfigurationPlatforms) = preSolution
		Debug|Any CPU = Debug|Any CPU
		Release|Any CPU = Release|Any CPU
	EndGlobalSection
	GlobalSection(ProjectConfigurationPlatforms) = postSolution
		{3CF2DB49-4CE7-4EDF-AD6D-B4FC44EAE321}.Debug|Any CPU.ActiveCfg = Debug|Any CPU
		{3CF2DB49-4CE7-4EDF-AD6D-B4FC44EAE321}.Debug|Any CPU.Build.0 = Debug|Any CPU
		{3CF2DB49-4CE7-4EDF-AD6D-B4FC44EAE321}.Release|Any CPU.ActiveCfg = Release|Any CPU
		{3CF2DB49-4CE7-4EDF-AD6D-B4FC44EAE321}.Release|Any CPU.Build.0 = Release|Any CPU
		{427028F6-A83A-4C46-BCB6-7B0D70669166}.Debug|Any CPU.ActiveCfg = Debug|Any CPU
		{427028F6-A83A-4C46-BCB6-7B0D70669166}.Debug|Any CPU.Build.0 = Debug|Any CPU
		{427028F6-A83A-4C46-BCB6-7B0D70669166}.Release|Any CPU.ActiveCfg = Release|Any CPU
		{427028F6-A83A-4C46-BCB6-7B0D70669166}.Release|Any CPU.Build.0 = Release|Any CPU
		{A29F575D-D8D8-4B17-9CBC-DF81852B427D}.Debug|Any CPU.ActiveCfg = Debug|Any CPU
		{A29F575D-D8D8-4B17-9CBC-DF81852B427D}.Debug|Any CPU.Build.0 = Debug|Any CPU
		{A29F575D-D8D8-4B17-9CBC-DF81852B427D}.Release|Any CPU.ActiveCfg = Release|Any CPU
		{A29F575D-D8D8-4B17-9CBC-DF81852B427D}.Release|Any CPU.Build.0 = Release|Any CPU
		{844D6CBE-2210-421B-A5FA-5640EB3520A8}.Debug|Any CPU.ActiveCfg = Debug|Any CPU
		{844D6CBE-2210-421B-A5FA-5640EB3520A8}.Debug|Any CPU.Build.0 = Debug|Any CPU
		{844D6CBE-2210-421B-A5FA-5640EB3520A8}.Release|Any CPU.ActiveCfg = Release|Any CPU
		{844D6CBE-2210-421B-A5FA-5640EB3520A8}.Release|Any CPU.Build.0 = Release|Any CPU
	EndGlobalSection
	GlobalSection(SolutionProperties) = preSolution
		HideSolutionNode = FALSE
	EndGlobalSection
	GlobalSection(ExtensibilityGlobals) = postSolution
		SolutionGuid = {514B5C23-0A18-429A-925C-4ED85BA217AC}
	EndGlobalSection
EndGlobal
